// !$*UTF8*$!
{
	archiveVersion = 1;
	classes = {
	};
	objectVersion = 50;
	objects = {

/* Begin PBXBuildFile section */
		17381E8C20AD1BA2003A0D99 /* DateInfo.m in Sources */ = {isa = PBXBuildFile; fileRef = 17381E8B20AD1BA2003A0D99 /* DateInfo.m */; };
		17381E9420AD48B2003A0D99 /* DiaryViewController.m in Sources */ = {isa = PBXBuildFile; fileRef = 17381E9320AD48B2003A0D99 /* DiaryViewController.m */; };
		17A5C67020AA9721007F0C57 /* AppDelegate.m in Sources */ = {isa = PBXBuildFile; fileRef = 17A5C66F20AA9721007F0C57 /* AppDelegate.m */; };
		17A5C67320AA9721007F0C57 /* ViewController.m in Sources */ = {isa = PBXBuildFile; fileRef = 17A5C67220AA9721007F0C57 /* ViewController.m */; };
		17A5C67620AA9721007F0C57 /* Main.storyboard in Resources */ = {isa = PBXBuildFile; fileRef = 17A5C67420AA9721007F0C57 /* Main.storyboard */; };
		17A5C67820AA9722007F0C57 /* Assets.xcassets in Resources */ = {isa = PBXBuildFile; fileRef = 17A5C67720AA9722007F0C57 /* Assets.xcassets */; };
		17A5C67B20AA9722007F0C57 /* LaunchScreen.storyboard in Resources */ = {isa = PBXBuildFile; fileRef = 17A5C67920AA9722007F0C57 /* LaunchScreen.storyboard */; };
		17A5C67E20AA9722007F0C57 /* main.m in Sources */ = {isa = PBXBuildFile; fileRef = 17A5C67D20AA9722007F0C57 /* main.m */; };
		17A5C69020AAB3AD007F0C57 /* CalendarViewController.m in Sources */ = {isa = PBXBuildFile; fileRef = 17A5C68F20AAB3AD007F0C57 /* CalendarViewController.m */; };
/* End PBXBuildFile section */

/* Begin PBXFileReference section */
		17381E8B20AD1BA2003A0D99 /* DateInfo.m */ = {isa = PBXFileReference; lastKnownFileType = sourcecode.c.objc; path = DateInfo.m; sourceTree = "<group>"; };
		17381E9120AD1C93003A0D99 /* DateInfo.h */ = {isa = PBXFileReference; lastKnownFileType = sourcecode.c.h; path = DateInfo.h; sourceTree = "<group>"; };
		17381E9220AD48B2003A0D99 /* DiaryViewController.h */ = {isa = PBXFileReference; lastKnownFileType = sourcecode.c.h; path = DiaryViewController.h; sourceTree = "<group>"; };
		17381E9320AD48B2003A0D99 /* DiaryViewController.m */ = {isa = PBXFileReference; lastKnownFileType = sourcecode.c.objc; path = DiaryViewController.m; sourceTree = "<group>"; };
		17A5C66B20AA9721007F0C57 /* StudyObjC.app */ = {isa = PBXFileReference; explicitFileType = wrapper.application; includeInIndex = 0; path = StudyObjC.app; sourceTree = BUILT_PRODUCTS_DIR; };
		17A5C66E20AA9721007F0C57 /* AppDelegate.h */ = {isa = PBXFileReference; lastKnownFileType = sourcecode.c.h; path = AppDelegate.h; sourceTree = "<group>"; };
		17A5C66F20AA9721007F0C57 /* AppDelegate.m */ = {isa = PBXFileReference; lastKnownFileType = sourcecode.c.objc; path = AppDelegate.m; sourceTree = "<group>"; };
		17A5C67120AA9721007F0C57 /* ViewController.h */ = {isa = PBXFileReference; lastKnownFileType = sourcecode.c.h; path = ViewController.h; sourceTree = "<group>"; };
		17A5C67220AA9721007F0C57 /* ViewController.m */ = {isa = PBXFileReference; lastKnownFileType = sourcecode.c.objc; path = ViewController.m; sourceTree = "<group>"; };
		17A5C67520AA9721007F0C57 /* Base */ = {isa = PBXFileReference; lastKnownFileType = file.storyboard; name = Base; path = Base.lproj/Main.storyboard; sourceTree = "<group>"; };
		17A5C67720AA9722007F0C57 /* Assets.xcassets */ = {isa = PBXFileReference; lastKnownFileType = folder.assetcatalog; path = Assets.xcassets; sourceTree = "<group>"; };
		17A5C67A20AA9722007F0C57 /* Base */ = {isa = PBXFileReference; lastKnownFileType = file.storyboard; name = Base; path = Base.lproj/LaunchScreen.storyboard; sourceTree = "<group>"; };
		17A5C67C20AA9722007F0C57 /* Info.plist */ = {isa = PBXFileReference; lastKnownFileType = text.plist.xml; path = Info.plist; sourceTree = "<group>"; };
		17A5C67D20AA9722007F0C57 /* main.m */ = {isa = PBXFileReference; lastKnownFileType = sourcecode.c.objc; path = main.m; sourceTree = "<group>"; };
		17A5C68F20AAB3AD007F0C57 /* CalendarViewController.m */ = {isa = PBXFileReference; lastKnownFileType = sourcecode.c.objc; path = CalendarViewController.m; sourceTree = "<group>"; };
		17A5C69120AABE5C007F0C57 /* CalendarViewController.h */ = {isa = PBXFileReference; lastKnownFileType = sourcecode.c.h; path = CalendarViewController.h; sourceTree = "<group>"; };
/* End PBXFileReference section */

/* Begin PBXFrameworksBuildPhase section */
		17A5C66820AA9721007F0C57 /* Frameworks */ = {
			isa = PBXFrameworksBuildPhase;
			buildActionMask = 2147483647;
			files = (
			);
			runOnlyForDeploymentPostprocessing = 0;
		};
/* End PBXFrameworksBuildPhase section */

/* Begin PBXGroup section */
		17381E8820AD10E5003A0D99 /* ViewController */ = {
			isa = PBXGroup;
			children = (
				17381E9120AD1C93003A0D99 /* DateInfo.h */,
				17381E8B20AD1BA2003A0D99 /* DateInfo.m */,
				17A5C67120AA9721007F0C57 /* ViewController.h */,
				17A5C67220AA9721007F0C57 /* ViewController.m */,
				17A5C69120AABE5C007F0C57 /* CalendarViewController.h */,
				17A5C68F20AAB3AD007F0C57 /* CalendarViewController.m */,
				17381E9220AD48B2003A0D99 /* DiaryViewController.h */,
				17381E9320AD48B2003A0D99 /* DiaryViewController.m */,
			);
			path = ViewController;
			sourceTree = "<group>";
		};
		17A5C66220AA9721007F0C57 = {
			isa = PBXGroup;
			children = (
				17A5C66D20AA9721007F0C57 /* StudyObjC */,
				17A5C66C20AA9721007F0C57 /* Products */,
			);
			sourceTree = "<group>";
		};
		17A5C66C20AA9721007F0C57 /* Products */ = {
			isa = PBXGroup;
			children = (
				17A5C66B20AA9721007F0C57 /* StudyObjC.app */,
			);
			name = Products;
			sourceTree = "<group>";
		};
		17A5C66D20AA9721007F0C57 /* StudyObjC */ = {
			isa = PBXGroup;
			children = (
				17381E8820AD10E5003A0D99 /* ViewController */,
				17A5C66E20AA9721007F0C57 /* AppDelegate.h */,
				17A5C66F20AA9721007F0C57 /* AppDelegate.m */,
				17A5C67420AA9721007F0C57 /* Main.storyboard */,
				17A5C67720AA9722007F0C57 /* Assets.xcassets */,
				17A5C67920AA9722007F0C57 /* LaunchScreen.storyboard */,
				17A5C67C20AA9722007F0C57 /* Info.plist */,
				17A5C67D20AA9722007F0C57 /* main.m */,
			);
			path = StudyObjC;
			sourceTree = "<group>";
		};
/* End PBXGroup section */

/* Begin PBXNativeTarget section */
		17A5C66A20AA9721007F0C57 /* StudyObjC */ = {
			isa = PBXNativeTarget;
			buildConfigurationList = 17A5C68120AA9722007F0C57 /* Build configuration list for PBXNativeTarget "StudyObjC" */;
			buildPhases = (
				17A5C66720AA9721007F0C57 /* Sources */,
				17A5C66820AA9721007F0C57 /* Frameworks */,
				17A5C66920AA9721007F0C57 /* Resources */,
			);
			buildRules = (
			);
			dependencies = (
			);
			name = StudyObjC;
			productName = StudyObjC;
			productReference = 17A5C66B20AA9721007F0C57 /* StudyObjC.app */;
			productType = "com.apple.product-type.application";
		};
/* End PBXNativeTarget section */

/* Begin PBXProject section */
		17A5C66320AA9721007F0C57 /* Project object */ = {
			isa = PBXProject;
			attributes = {
				LastUpgradeCheck = 0930;
				ORGANIZATIONNAME = WISEfn;
				TargetAttributes = {
					17A5C66A20AA9721007F0C57 = {
						CreatedOnToolsVersion = 9.3.1;
					};
				};
			};
			buildConfigurationList = 17A5C66620AA9721007F0C57 /* Build configuration list for PBXProject "StudyObjC" */;
			compatibilityVersion = "Xcode 9.3";
			developmentRegion = en;
			hasScannedForEncodings = 0;
			knownRegions = (
				en,
				Base,
			);
			mainGroup = 17A5C66220AA9721007F0C57;
			productRefGroup = 17A5C66C20AA9721007F0C57 /* Products */;
			projectDirPath = "";
			projectRoot = "";
			targets = (
				17A5C66A20AA9721007F0C57 /* StudyObjC */,
			);
		};
/* End PBXProject section */

/* Begin PBXResourcesBuildPhase section */
		17A5C66920AA9721007F0C57 /* Resources */ = {
			isa = PBXResourcesBuildPhase;
			buildActionMask = 2147483647;
			files = (
				17A5C67B20AA9722007F0C57 /* LaunchScreen.storyboard in Resources */,
				17A5C67820AA9722007F0C57 /* Assets.xcassets in Resources */,
				17A5C67620AA9721007F0C57 /* Main.storyboard in Resources */,
			);
			runOnlyForDeploymentPostprocessing = 0;
		};
/* End PBXResourcesBuildPhase section */

/* Begin PBXSourcesBuildPhase section */
		17A5C66720AA9721007F0C57 /* Sources */ = {
			isa = PBXSourcesBuildPhase;
			buildActionMask = 2147483647;
			files = (
				17A5C67320AA9721007F0C57 /* ViewController.m in Sources */,
				17381E8C20AD1BA2003A0D99 /* DateInfo.m in Sources */,
				17381E9420AD48B2003A0D99 /* DiaryViewController.m in Sources */,
				17A5C67E20AA9722007F0C57 /* main.m in Sources */,
				17A5C69020AAB3AD007F0C57 /* CalendarViewController.m in Sources */,
				17A5C67020AA9721007F0C57 /* AppDelegate.m in Sources */,
			);
			runOnlyForDeploymentPostprocessing = 0;
		};
/* End PBXSourcesBuildPhase section */

/* Begin PBXVariantGroup section */
		17A5C67420AA9721007F0C57 /* Main.storyboard */ = {
			isa = PBXVariantGroup;
			children = (
				17A5C67520AA9721007F0C57 /* Base */,
			);
			name = Main.storyboard;
			sourceTree = "<group>";
		};
		17A5C67920AA9722007F0C57 /* LaunchScreen.storyboard */ = {
			isa = PBXVariantGroup;
			children = (
				17A5C67A20AA9722007F0C57 /* Base */,
			);
			name = LaunchScreen.storyboard;
			sourceTree = "<group>";
		};
/* End PBXVariantGroup section */

/* Begin XCBuildConfiguration section */
		17A5C67F20AA9722007F0C57 /* Debug */ = {
			isa = XCBuildConfiguration;
			buildSettings = {
				ALWAYS_SEARCH_USER_PATHS = NO;
				CLANG_ANALYZER_NONNULL = YES;
				CLANG_ANALYZER_NUMBER_OBJECT_CONVERSION = YES_AGGRESSIVE;
				CLANG_CXX_LANGUAGE_STANDARD = "gnu++14";
				CLANG_CXX_LIBRARY = "libc++";
				CLANG_ENABLE_MODULES = YES;
				CLANG_ENABLE_OBJC_ARC = YES;
				CLANG_ENABLE_OBJC_WEAK = YES;
				CLANG_WARN_BLOCK_CAPTURE_AUTORELEASING = YES;
				CLANG_WARN_BOOL_CONVERSION = YES;
				CLANG_WARN_COMMA = YES;
				CLANG_WARN_CONSTANT_CONVERSION = YES;
				CLANG_WARN_DEPRECATED_OBJC_IMPLEMENTATIONS = YES;
				CLANG_WARN_DIRECT_OBJC_ISA_USAGE = YES_ERROR;
				CLANG_WARN_DOCUMENTATION_COMMENTS = YES;
				CLANG_WARN_EMPTY_BODY = YES;
				CLANG_WARN_ENUM_CONVERSION = YES;
				CLANG_WARN_INFINITE_RECURSION = YES;
				CLANG_WARN_INT_CONVERSION = YES;
				CLANG_WARN_NON_LITERAL_NULL_CONVERSION = YES;
				CLANG_WARN_OBJC_IMPLICIT_RETAIN_SELF = YES;
				CLANG_WARN_OBJC_LITERAL_CONVERSION = YES;
				CLANG_WARN_OBJC_ROOT_CLASS = YES_ERROR;
				CLANG_WARN_RANGE_LOOP_ANALYSIS = YES;
				CLANG_WARN_STRICT_PROTOTYPES = YES;
				CLANG_WARN_SUSPICIOUS_MOVE = YES;
				CLANG_WARN_UNGUARDED_AVAILABILITY = YES_AGGRESSIVE;
				CLANG_WARN_UNREACHABLE_CODE = YES;
				CLANG_WARN__DUPLICATE_METHOD_MATCH = YES;
				CODE_SIGN_IDENTITY = "iPhone Developer";
				COPY_PHASE_STRIP = NO;
				DEBUG_INFORMATION_FORMAT = dwarf;
				ENABLE_STRICT_OBJC_MSGSEND = YES;
				ENABLE_TESTABILITY = YES;
				GCC_C_LANGUAGE_STANDARD = gnu11;
				GCC_DYNAMIC_NO_PIC = NO;
				GCC_NO_COMMON_BLOCKS = YES;
				GCC_OPTIMIZATION_LEVEL = 0;
				GCC_PREPROCESSOR_DEFINITIONS = (
					"DEBUG=1",
					"$(inherited)",
				);
				GCC_WARN_64_TO_32_BIT_CONVERSION = YES;
				GCC_WARN_ABOUT_RETURN_TYPE = YES_ERROR;
				GCC_WARN_UNDECLARED_SELECTOR = YES;
				GCC_WARN_UNINITIALIZED_AUTOS = YES_AGGRESSIVE;
				GCC_WARN_UNUSED_FUNCTION = YES;
				GCC_WARN_UNUSED_VARIABLE = YES;
				IPHONEOS_DEPLOYMENT_TARGET = 11.3;
				MTL_ENABLE_DEBUG_INFO = YES;
				ONLY_ACTIVE_ARCH = YES;
				SDKROOT = iphoneos;
			};
			name = Debug;
		};
		17A5C68020AA9722007F0C57 /* Release */ = {
			isa = XCBuildConfiguration;
			buildSettings = {
				ALWAYS_SEARCH_USER_PATHS = NO;
				CLANG_ANALYZER_NONNULL = YES;
				CLANG_ANALYZER_NUMBER_OBJECT_CONVERSION = YES_AGGRESSIVE;
				CLANG_CXX_LANGUAGE_STANDARD = "gnu++14";
				CLANG_CXX_LIBRARY = "libc++";
				CLANG_ENABLE_MODULES = YES;
				CLANG_ENABLE_OBJC_ARC = YES;
				CLANG_ENABLE_OBJC_WEAK = YES;
				CLANG_WARN_BLOCK_CAPTURE_AUTORELEASING = YES;
				CLANG_WARN_BOOL_CONVERSION = YES;
				CLANG_WARN_COMMA = YES;
				CLANG_WARN_CONSTANT_CONVERSION = YES;
				CLANG_WARN_DEPRECATED_OBJC_IMPLEMENTATIONS = YES;
				CLANG_WARN_DIRECT_OBJC_ISA_USAGE = YES_ERROR;
				CLANG_WARN_DOCUMENTATION_COMMENTS = YES;
				CLANG_WARN_EMPTY_BODY = YES;
				CLANG_WARN_ENUM_CONVERSION = YES;
				CLANG_WARN_INFINITE_RECURSION = YES;
				CLANG_WARN_INT_CONVERSION = YES;
				CLANG_WARN_NON_LITERAL_NULL_CONVERSION = YES;
				CLANG_WARN_OBJC_IMPLICIT_RETAIN_SELF = YES;
				CLANG_WARN_OBJC_LITERAL_CONVERSION = YES;
				CLANG_WARN_OBJC_ROOT_CLASS = YES_ERROR;
				CLANG_WARN_RANGE_LOOP_ANALYSIS = YES;
				CLANG_WARN_STRICT_PROTOTYPES = YES;
				CLANG_WARN_SUSPICIOUS_MOVE = YES;
				CLANG_WARN_UNGUARDED_AVAILABILITY = YES_AGGRESSIVE;
				CLANG_WARN_UNREACHABLE_CODE = YES;
				CLANG_WARN__DUPLICATE_METHOD_MATCH = YES;
				CODE_SIGN_IDENTITY = "iPhone Developer";
				COPY_PHASE_STRIP = NO;
				DEBUG_INFORMATION_FORMAT = "dwarf-with-dsym";
				ENABLE_NS_ASSERTIONS = NO;
				ENABLE_STRICT_OBJC_MSGSEND = YES;
				GCC_C_LANGUAGE_STANDARD = gnu11;
				GCC_NO_COMMON_BLOCKS = YES;
				GCC_WARN_64_TO_32_BIT_CONVERSION = YES;
				GCC_WARN_ABOUT_RETURN_TYPE = YES_ERROR;
				GCC_WARN_UNDECLARED_SELECTOR = YES;
				GCC_WARN_UNINITIALIZED_AUTOS = YES_AGGRESSIVE;
				GCC_WARN_UNUSED_FUNCTION = YES;
				GCC_WARN_UNUSED_VARIABLE = YES;
				IPHONEOS_DEPLOYMENT_TARGET = 11.3;
				MTL_ENABLE_DEBUG_INFO = NO;
				SDKROOT = iphoneos;
				VALIDATE_PRODUCT = YES;
			};
			name = Release;
		};
		17A5C68220AA9722007F0C57 /* Debug */ = {
			isa = XCBuildConfiguration;
			buildSettings = {
				ASSETCATALOG_COMPILER_APPICON_NAME = AppIcon;
				CODE_SIGN_STYLE = Automatic;
				DEVELOPMENT_TEAM = 54Q8L427VS;
				INFOPLIST_FILE = StudyObjC/Info.plist;
				LD_RUNPATH_SEARCH_PATHS = (
					"$(inherited)",
					"@executable_path/Frameworks",
				);
				PRODUCT_BUNDLE_IDENTIFIER = com.wisefn.StudyObjC;
				PRODUCT_NAME = "$(TARGET_NAME)";
				TARGETED_DEVICE_FAMILY = "1,2";
			};
			name = Debug;
		};
		17A5C68320AA9722007F0C57 /* Release */ = {
			isa = XCBuildConfiguration;
			buildSettings = {
				ASSETCATALOG_COMPILER_APPICON_NAME = AppIcon;
				CODE_SIGN_STYLE = Automatic;
				DEVELOPMENT_TEAM = 54Q8L427VS;
				INFOPLIST_FILE = StudyObjC/Info.plist;
				LD_RUNPATH_SEARCH_PATHS = (
					"$(inherited)",
					"@executable_path/Frameworks",
				);
				PRODUCT_BUNDLE_IDENTIFIER = com.wisefn.StudyObjC;
				PRODUCT_NAME = "$(TARGET_NAME)";
				TARGETED_DEVICE_FAMILY = "1,2";
			};
			name = Release;
		};
/* End XCBuildConfiguration section */

/* Begin XCConfigurationList section */
		17A5C66620AA9721007F0C57 /* Build configuration list for PBXProject "StudyObjC" */ = {
			isa = XCConfigurationList;
			buildConfigurations = (
				17A5C67F20AA9722007F0C57 /* Debug */,
				17A5C68020AA9722007F0C57 /* Release */,
			);
			defaultConfigurationIsVisible = 0;
			defaultConfigurationName = Release;
		};
		17A5C68120AA9722007F0C57 /* Build configuration list for PBXNativeTarget "StudyObjC" */ = {
			isa = XCConfigurationList;
			buildConfigurations = (
				17A5C68220AA9722007F0C57 /* Debug */,
				17A5C68320AA9722007F0C57 /* Release */,
			);
			defaultConfigurationIsVisible = 0;
			defaultConfigurationName = Release;
		};
/* End XCConfigurationList section */
	};
	rootObject = 17A5C66320AA9721007F0C57 /* Project object */;
}
